// !$*UTF8*$!
{
	archiveVersion = 1;
	classes = {
	};
	objectVersion = 55;
	objects = {

/* Begin PBXBuildFile section */
		08343FF827F3899500554EE3 /* AppDelegate.swift in Sources */ = {isa = PBXBuildFile; fileRef = 08343FF727F3899500554EE3 /* AppDelegate.swift */; };
		08343FFA27F3899500554EE3 /* SceneDelegate.swift in Sources */ = {isa = PBXBuildFile; fileRef = 08343FF927F3899500554EE3 /* SceneDelegate.swift */; };
		08343FFC27F3899500554EE3 /* EmployeeListViewController.swift in Sources */ = {isa = PBXBuildFile; fileRef = 08343FFB27F3899500554EE3 /* EmployeeListViewController.swift */; };
		0834400127F3899700554EE3 /* Assets.xcassets in Resources */ = {isa = PBXBuildFile; fileRef = 0834400027F3899700554EE3 /* Assets.xcassets */; };
		0834400427F3899700554EE3 /* LaunchScreen.storyboard in Resources */ = {isa = PBXBuildFile; fileRef = 0834400227F3899700554EE3 /* LaunchScreen.storyboard */; };
		0834401127F38AD300554EE3 /* Employee.swift in Sources */ = {isa = PBXBuildFile; fileRef = 0834401027F38AD300554EE3 /* Employee.swift */; };
		0834401327F38B4300554EE3 /* EmployeeType.swift in Sources */ = {isa = PBXBuildFile; fileRef = 0834401227F38B4300554EE3 /* EmployeeType.swift */; };
		0834401627F38B8D00554EE3 /* NetworkManager.swift in Sources */ = {isa = PBXBuildFile; fileRef = 0834401527F38B8D00554EE3 /* NetworkManager.swift */; };
		0834401927F38C0700554EE3 /* ErrorMessage.swift in Sources */ = {isa = PBXBuildFile; fileRef = 0834401827F38C0700554EE3 /* ErrorMessage.swift */; };
		0834401B27F38F4A00554EE3 /* Employees.swift in Sources */ = {isa = PBXBuildFile; fileRef = 0834401A27F38F4A00554EE3 /* Employees.swift */; };
		0834401E27F3A25000554EE3 /* EmployeeCell.swift in Sources */ = {isa = PBXBuildFile; fileRef = 0834401D27F3A25000554EE3 /* EmployeeCell.swift */; };
		0834402027F3A2CB00554EE3 /* EmployeePhotoView.swift in Sources */ = {isa = PBXBuildFile; fileRef = 0834401F27F3A2CB00554EE3 /* EmployeePhotoView.swift */; };
		0834402327F3B58400554EE3 /* UIHelper.swift in Sources */ = {isa = PBXBuildFile; fileRef = 0834402227F3B58400554EE3 /* UIHelper.swift */; };
/* End PBXBuildFile section */

/* Begin PBXFileReference section */
		08343FF427F3899500554EE3 /* square-take-home.app */ = {isa = PBXFileReference; explicitFileType = wrapper.application; includeInIndex = 0; path = "square-take-home.app"; sourceTree = BUILT_PRODUCTS_DIR; };
		08343FF727F3899500554EE3 /* AppDelegate.swift */ = {isa = PBXFileReference; lastKnownFileType = sourcecode.swift; path = AppDelegate.swift; sourceTree = "<group>"; };
		08343FF927F3899500554EE3 /* SceneDelegate.swift */ = {isa = PBXFileReference; lastKnownFileType = sourcecode.swift; path = SceneDelegate.swift; sourceTree = "<group>"; };
		08343FFB27F3899500554EE3 /* EmployeeListViewController.swift */ = {isa = PBXFileReference; lastKnownFileType = sourcecode.swift; path = EmployeeListViewController.swift; sourceTree = "<group>"; };
		0834400027F3899700554EE3 /* Assets.xcassets */ = {isa = PBXFileReference; lastKnownFileType = folder.assetcatalog; path = Assets.xcassets; sourceTree = "<group>"; };
		0834400327F3899700554EE3 /* Base */ = {isa = PBXFileReference; lastKnownFileType = file.storyboard; name = Base; path = Base.lproj/LaunchScreen.storyboard; sourceTree = "<group>"; };
		0834400527F3899700554EE3 /* Info.plist */ = {isa = PBXFileReference; lastKnownFileType = text.plist.xml; path = Info.plist; sourceTree = "<group>"; };
		0834401027F38AD300554EE3 /* Employee.swift */ = {isa = PBXFileReference; lastKnownFileType = sourcecode.swift; path = Employee.swift; sourceTree = "<group>"; };
		0834401227F38B4300554EE3 /* EmployeeType.swift */ = {isa = PBXFileReference; lastKnownFileType = sourcecode.swift; path = EmployeeType.swift; sourceTree = "<group>"; };
		0834401527F38B8D00554EE3 /* NetworkManager.swift */ = {isa = PBXFileReference; lastKnownFileType = sourcecode.swift; path = NetworkManager.swift; sourceTree = "<group>"; };
		0834401827F38C0700554EE3 /* ErrorMessage.swift */ = {isa = PBXFileReference; lastKnownFileType = sourcecode.swift; path = ErrorMessage.swift; sourceTree = "<group>"; };
		0834401A27F38F4A00554EE3 /* Employees.swift */ = {isa = PBXFileReference; lastKnownFileType = sourcecode.swift; path = Employees.swift; sourceTree = "<group>"; };
		0834401D27F3A25000554EE3 /* EmployeeCell.swift */ = {isa = PBXFileReference; lastKnownFileType = sourcecode.swift; path = EmployeeCell.swift; sourceTree = "<group>"; };
		0834401F27F3A2CB00554EE3 /* EmployeePhotoView.swift */ = {isa = PBXFileReference; lastKnownFileType = sourcecode.swift; path = EmployeePhotoView.swift; sourceTree = "<group>"; };
		0834402227F3B58400554EE3 /* UIHelper.swift */ = {isa = PBXFileReference; lastKnownFileType = sourcecode.swift; path = UIHelper.swift; sourceTree = "<group>"; };
/* End PBXFileReference section */

/* Begin PBXFrameworksBuildPhase section */
		08343FF127F3899500554EE3 /* Frameworks */ = {
			isa = PBXFrameworksBuildPhase;
			buildActionMask = 2147483647;
			files = (
			);
			runOnlyForDeploymentPostprocessing = 0;
		};
/* End PBXFrameworksBuildPhase section */

/* Begin PBXGroup section */
		08343FEB27F3899500554EE3 = {
			isa = PBXGroup;
			children = (
				08343FF627F3899500554EE3 /* square-take-home */,
				08343FF527F3899500554EE3 /* Products */,
			);
			sourceTree = "<group>";
		};
		08343FF527F3899500554EE3 /* Products */ = {
			isa = PBXGroup;
			children = (
				08343FF427F3899500554EE3 /* square-take-home.app */,
			);
			name = Products;
			sourceTree = "<group>";
		};
		08343FF627F3899500554EE3 /* square-take-home */ = {
			isa = PBXGroup;
			children = (
				0834402127F3B57500554EE3 /* UIHelper */,
				0834401C27F3A24200554EE3 /* Cells */,
				0834401727F38BFE00554EE3 /* Utilities */,
				0834401427F38B8000554EE3 /* Managers */,
				0834400D27F38AB500554EE3 /* Controllers */,
				0834400C27F38AAF00554EE3 /* Views */,
				0834400B27F38AA900554EE3 /* Models */,
				08343FF727F3899500554EE3 /* AppDelegate.swift */,
				08343FF927F3899500554EE3 /* SceneDelegate.swift */,
				0834400027F3899700554EE3 /* Assets.xcassets */,
				0834400227F3899700554EE3 /* LaunchScreen.storyboard */,
				0834400527F3899700554EE3 /* Info.plist */,
				0834401227F38B4300554EE3 /* EmployeeType.swift */,
			);
			path = "square-take-home";
			sourceTree = "<group>";
		};
		0834400B27F38AA900554EE3 /* Models */ = {
			isa = PBXGroup;
			children = (
				0834401027F38AD300554EE3 /* Employee.swift */,
				0834401A27F38F4A00554EE3 /* Employees.swift */,
			);
			path = Models;
			sourceTree = "<group>";
		};
		0834400C27F38AAF00554EE3 /* Views */ = {
			isa = PBXGroup;
			children = (
				0834401F27F3A2CB00554EE3 /* EmployeePhotoView.swift */,
			);
			path = Views;
			sourceTree = "<group>";
		};
		0834400D27F38AB500554EE3 /* Controllers */ = {
			isa = PBXGroup;
			children = (
				08343FFB27F3899500554EE3 /* EmployeeListViewController.swift */,
			);
			path = Controllers;
			sourceTree = "<group>";
		};
		0834401427F38B8000554EE3 /* Managers */ = {
			isa = PBXGroup;
			children = (
				0834401527F38B8D00554EE3 /* NetworkManager.swift */,
			);
			path = Managers;
			sourceTree = "<group>";
		};
		0834401727F38BFE00554EE3 /* Utilities */ = {
			isa = PBXGroup;
			children = (
				0834401827F38C0700554EE3 /* ErrorMessage.swift */,
			);
			path = Utilities;
			sourceTree = "<group>";
		};
		0834401C27F3A24200554EE3 /* Cells */ = {
			isa = PBXGroup;
			children = (
				0834401D27F3A25000554EE3 /* EmployeeCell.swift */,
			);
			path = Cells;
			sourceTree = "<group>";
		};
		0834402127F3B57500554EE3 /* UIHelper */ = {
			isa = PBXGroup;
			children = (
				0834402227F3B58400554EE3 /* UIHelper.swift */,
			);
			path = UIHelper;
			sourceTree = "<group>";
		};
/* End PBXGroup section */

/* Begin PBXNativeTarget section */
		08343FF327F3899500554EE3 /* square-take-home */ = {
			isa = PBXNativeTarget;
			buildConfigurationList = 0834400827F3899700554EE3 /* Build configuration list for PBXNativeTarget "square-take-home" */;
			buildPhases = (
				08343FF027F3899500554EE3 /* Sources */,
				08343FF127F3899500554EE3 /* Frameworks */,
				08343FF227F3899500554EE3 /* Resources */,
			);
			buildRules = (
			);
			dependencies = (
			);
			name = "square-take-home";
			productName = "square-take-home";
			productReference = 08343FF427F3899500554EE3 /* square-take-home.app */;
			productType = "com.apple.product-type.application";
		};
/* End PBXNativeTarget section */

/* Begin PBXProject section */
		08343FEC27F3899500554EE3 /* Project object */ = {
			isa = PBXProject;
			attributes = {
				BuildIndependentTargetsInParallel = 1;
				LastSwiftUpdateCheck = 1320;
				LastUpgradeCheck = 1320;
				TargetAttributes = {
					08343FF327F3899500554EE3 = {
						CreatedOnToolsVersion = 13.2.1;
					};
				};
			};
			buildConfigurationList = 08343FEF27F3899500554EE3 /* Build configuration list for PBXProject "square-take-home" */;
			compatibilityVersion = "Xcode 13.0";
			developmentRegion = en;
			hasScannedForEncodings = 0;
			knownRegions = (
				en,
				Base,
			);
			mainGroup = 08343FEB27F3899500554EE3;
			productRefGroup = 08343FF527F3899500554EE3 /* Products */;
			projectDirPath = "";
			projectRoot = "";
			targets = (
				08343FF327F3899500554EE3 /* square-take-home */,
			);
		};
/* End PBXProject section */

/* Begin PBXResourcesBuildPhase section */
		08343FF227F3899500554EE3 /* Resources */ = {
			isa = PBXResourcesBuildPhase;
			buildActionMask = 2147483647;
			files = (
				0834400427F3899700554EE3 /* LaunchScreen.storyboard in Resources */,
				0834400127F3899700554EE3 /* Assets.xcassets in Resources */,
			);
			runOnlyForDeploymentPostprocessing = 0;
		};
/* End PBXResourcesBuildPhase section */

/* Begin PBXSourcesBuildPhase section */
		08343FF027F3899500554EE3 /* Sources */ = {
			isa = PBXSourcesBuildPhase;
			buildActionMask = 2147483647;
			files = (
				0834401627F38B8D00554EE3 /* NetworkManager.swift in Sources */,
				0834401927F38C0700554EE3 /* ErrorMessage.swift in Sources */,
				08343FFC27F3899500554EE3 /* EmployeeListViewController.swift in Sources */,
				0834402327F3B58400554EE3 /* UIHelper.swift in Sources */,
				0834402027F3A2CB00554EE3 /* EmployeePhotoView.swift in Sources */,
				0834401E27F3A25000554EE3 /* EmployeeCell.swift in Sources */,
				0834401127F38AD300554EE3 /* Employee.swift in Sources */,
				08343FF827F3899500554EE3 /* AppDelegate.swift in Sources */,
				0834401B27F38F4A00554EE3 /* Employees.swift in Sources */,
				08343FFA27F3899500554EE3 /* SceneDelegate.swift in Sources */,
				0834401327F38B4300554EE3 /* EmployeeType.swift in Sources */,
			);
			runOnlyForDeploymentPostprocessing = 0;
		};
/* End PBXSourcesBuildPhase section */

/* Begin PBXVariantGroup section */
		0834400227F3899700554EE3 /* LaunchScreen.storyboard */ = {
			isa = PBXVariantGroup;
			children = (
				0834400327F3899700554EE3 /* Base */,
			);
			name = LaunchScreen.storyboard;
			sourceTree = "<group>";
		};
/* End PBXVariantGroup section */

/* Begin XCBuildConfiguration section */
		0834400627F3899700554EE3 /* Debug */ = {
			isa = XCBuildConfiguration;
			buildSettings = {
				ALWAYS_SEARCH_USER_PATHS = NO;
				CLANG_ANALYZER_NONNULL = YES;
				CLANG_ANALYZER_NUMBER_OBJECT_CONVERSION = YES_AGGRESSIVE;
				CLANG_CXX_LANGUAGE_STANDARD = "gnu++17";
				CLANG_CXX_LIBRARY = "libc++";
				CLANG_ENABLE_MODULES = YES;
				CLANG_ENABLE_OBJC_ARC = YES;
				CLANG_ENABLE_OBJC_WEAK = YES;
				CLANG_WARN_BLOCK_CAPTURE_AUTORELEASING = YES;
				CLANG_WARN_BOOL_CONVERSION = YES;
				CLANG_WARN_COMMA = YES;
				CLANG_WARN_CONSTANT_CONVERSION = YES;
				CLANG_WARN_DEPRECATED_OBJC_IMPLEMENTATIONS = YES;
				CLANG_WARN_DIRECT_OBJC_ISA_USAGE = YES_ERROR;
				CLANG_WARN_DOCUMENTATION_COMMENTS = YES;
				CLANG_WARN_EMPTY_BODY = YES;
				CLANG_WARN_ENUM_CONVERSION = YES;
				CLANG_WARN_INFINITE_RECURSION = YES;
				CLANG_WARN_INT_CONVERSION = YES;
				CLANG_WARN_NON_LITERAL_NULL_CONVERSION = YES;
				CLANG_WARN_OBJC_IMPLICIT_RETAIN_SELF = YES;
				CLANG_WARN_OBJC_LITERAL_CONVERSION = YES;
				CLANG_WARN_OBJC_ROOT_CLASS = YES_ERROR;
				CLANG_WARN_QUOTED_INCLUDE_IN_FRAMEWORK_HEADER = YES;
				CLANG_WARN_RANGE_LOOP_ANALYSIS = YES;
				CLANG_WARN_STRICT_PROTOTYPES = YES;
				CLANG_WARN_SUSPICIOUS_MOVE = YES;
				CLANG_WARN_UNGUARDED_AVAILABILITY = YES_AGGRESSIVE;
				CLANG_WARN_UNREACHABLE_CODE = YES;
				CLANG_WARN__DUPLICATE_METHOD_MATCH = YES;
				COPY_PHASE_STRIP = NO;
				DEBUG_INFORMATION_FORMAT = dwarf;
				ENABLE_STRICT_OBJC_MSGSEND = YES;
				ENABLE_TESTABILITY = YES;
				GCC_C_LANGUAGE_STANDARD = gnu11;
				GCC_DYNAMIC_NO_PIC = NO;
				GCC_NO_COMMON_BLOCKS = YES;
				GCC_OPTIMIZATION_LEVEL = 0;
				GCC_PREPROCESSOR_DEFINITIONS = (
					"DEBUG=1",
					"$(inherited)",
				);
				GCC_WARN_64_TO_32_BIT_CONVERSION = YES;
				GCC_WARN_ABOUT_RETURN_TYPE = YES_ERROR;
				GCC_WARN_UNDECLARED_SELECTOR = YES;
				GCC_WARN_UNINITIALIZED_AUTOS = YES_AGGRESSIVE;
				GCC_WARN_UNUSED_FUNCTION = YES;
				GCC_WARN_UNUSED_VARIABLE = YES;
				IPHONEOS_DEPLOYMENT_TARGET = 15.2;
				MTL_ENABLE_DEBUG_INFO = INCLUDE_SOURCE;
				MTL_FAST_MATH = YES;
				ONLY_ACTIVE_ARCH = YES;
				SDKROOT = iphoneos;
				SWIFT_ACTIVE_COMPILATION_CONDITIONS = DEBUG;
				SWIFT_OPTIMIZATION_LEVEL = "-Onone";
			};
			name = Debug;
		};
		0834400727F3899700554EE3 /* Release */ = {
			isa = XCBuildConfiguration;
			buildSettings = {
				ALWAYS_SEARCH_USER_PATHS = NO;
				CLANG_ANALYZER_NONNULL = YES;
				CLANG_ANALYZER_NUMBER_OBJECT_CONVERSION = YES_AGGRESSIVE;
				CLANG_CXX_LANGUAGE_STANDARD = "gnu++17";
				CLANG_CXX_LIBRARY = "libc++";
				CLANG_ENABLE_MODULES = YES;
				CLANG_ENABLE_OBJC_ARC = YES;
				CLANG_ENABLE_OBJC_WEAK = YES;
				CLANG_WARN_BLOCK_CAPTURE_AUTORELEASING = YES;
				CLANG_WARN_BOOL_CONVERSION = YES;
				CLANG_WARN_COMMA = YES;
				CLANG_WARN_CONSTANT_CONVERSION = YES;
				CLANG_WARN_DEPRECATED_OBJC_IMPLEMENTATIONS = YES;
				CLANG_WARN_DIRECT_OBJC_ISA_USAGE = YES_ERROR;
				CLANG_WARN_DOCUMENTATION_COMMENTS = YES;
				CLANG_WARN_EMPTY_BODY = YES;
				CLANG_WARN_ENUM_CONVERSION = YES;
				CLANG_WARN_INFINITE_RECURSION = YES;
				CLANG_WARN_INT_CONVERSION = YES;
				CLANG_WARN_NON_LITERAL_NULL_CONVERSION = YES;
				CLANG_WARN_OBJC_IMPLICIT_RETAIN_SELF = YES;
				CLANG_WARN_OBJC_LITERAL_CONVERSION = YES;
				CLANG_WARN_OBJC_ROOT_CLASS = YES_ERROR;
				CLANG_WARN_QUOTED_INCLUDE_IN_FRAMEWORK_HEADER = YES;
				CLANG_WARN_RANGE_LOOP_ANALYSIS = YES;
				CLANG_WARN_STRICT_PROTOTYPES = YES;
				CLANG_WARN_SUSPICIOUS_MOVE = YES;
				CLANG_WARN_UNGUARDED_AVAILABILITY = YES_AGGRESSIVE;
				CLANG_WARN_UNREACHABLE_CODE = YES;
				CLANG_WARN__DUPLICATE_METHOD_MATCH = YES;
				COPY_PHASE_STRIP = NO;
				DEBUG_INFORMATION_FORMAT = "dwarf-with-dsym";
				ENABLE_NS_ASSERTIONS = NO;
				ENABLE_STRICT_OBJC_MSGSEND = YES;
				GCC_C_LANGUAGE_STANDARD = gnu11;
				GCC_NO_COMMON_BLOCKS = YES;
				GCC_WARN_64_TO_32_BIT_CONVERSION = YES;
				GCC_WARN_ABOUT_RETURN_TYPE = YES_ERROR;
				GCC_WARN_UNDECLARED_SELECTOR = YES;
				GCC_WARN_UNINITIALIZED_AUTOS = YES_AGGRESSIVE;
				GCC_WARN_UNUSED_FUNCTION = YES;
				GCC_WARN_UNUSED_VARIABLE = YES;
				IPHONEOS_DEPLOYMENT_TARGET = 15.2;
				MTL_ENABLE_DEBUG_INFO = NO;
				MTL_FAST_MATH = YES;
				SDKROOT = iphoneos;
				SWIFT_COMPILATION_MODE = wholemodule;
				SWIFT_OPTIMIZATION_LEVEL = "-O";
				VALIDATE_PRODUCT = YES;
			};
			name = Release;
		};
		0834400927F3899700554EE3 /* Debug */ = {
			isa = XCBuildConfiguration;
			buildSettings = {
				ASSETCATALOG_COMPILER_APPICON_NAME = AppIcon;
				ASSETCATALOG_COMPILER_GLOBAL_ACCENT_COLOR_NAME = AccentColor;
				CODE_SIGN_IDENTITY = "Apple Development";
				CODE_SIGN_STYLE = Automatic;
				CURRENT_PROJECT_VERSION = 1;
				DEVELOPMENT_TEAM = "";
				GENERATE_INFOPLIST_FILE = YES;
				INFOPLIST_FILE = "square-take-home/Info.plist";
				INFOPLIST_KEY_UIApplicationSupportsIndirectInputEvents = YES;
				INFOPLIST_KEY_UILaunchStoryboardName = LaunchScreen;
				INFOPLIST_KEY_UISupportedInterfaceOrientations = UIInterfaceOrientationPortrait;
				INFOPLIST_KEY_UISupportedInterfaceOrientations_iPad = "UIInterfaceOrientationPortrait UIInterfaceOrientationPortraitUpsideDown UIInterfaceOrientationLandscapeLeft UIInterfaceOrientationLandscapeRight";
				INFOPLIST_KEY_UISupportedInterfaceOrientations_iPhone = "UIInterfaceOrientationPortrait UIInterfaceOrientationLandscapeLeft UIInterfaceOrientationLandscapeRight";
				LD_RUNPATH_SEARCH_PATHS = (
					"$(inherited)",
					"@executable_path/Frameworks",
				);
				MARKETING_VERSION = 1.0;
				PRODUCT_BUNDLE_IDENTIFIER = "npappas.square-take-home";
				PRODUCT_NAME = "$(TARGET_NAME)";
				PROVISIONING_PROFILE_SPECIFIER = "";
				SWIFT_EMIT_LOC_STRINGS = YES;
				SWIFT_VERSION = 5.0;
				TARGETED_DEVICE_FAMILY = 1;
			};
			name = Debug;
		};
		0834400A27F3899700554EE3 /* Release */ = {
			isa = XCBuildConfiguration;
			buildSettings = {
				ASSETCATALOG_COMPILER_APPICON_NAME = AppIcon;
				ASSETCATALOG_COMPILER_GLOBAL_ACCENT_COLOR_NAME = AccentColor;
				CODE_SIGN_IDENTITY = "Apple Development";
				CODE_SIGN_STYLE = Automatic;
				CURRENT_PROJECT_VERSION = 1;
				DEVELOPMENT_TEAM = "";
				GENERATE_INFOPLIST_FILE = YES;
				INFOPLIST_FILE = "square-take-home/Info.plist";
				INFOPLIST_KEY_UIApplicationSupportsIndirectInputEvents = YES;
				INFOPLIST_KEY_UILaunchStoryboardName = LaunchScreen;
				INFOPLIST_KEY_UISupportedInterfaceOrientations = UIInterfaceOrientationPortrait;
				INFOPLIST_KEY_UISupportedInterfaceOrientations_iPad = "UIInterfaceOrientationPortrait UIInterfaceOrientationPortraitUpsideDown UIInterfaceOrientationLandscapeLeft UIInterfaceOrientationLandscapeRight";
				INFOPLIST_KEY_UISupportedInterfaceOrientations_iPhone = "UIInterfaceOrientationPortrait UIInterfaceOrientationLandscapeLeft UIInterfaceOrientationLandscapeRight";
				LD_RUNPATH_SEARCH_PATHS = (
					"$(inherited)",
					"@executable_path/Frameworks",
				);
				MARKETING_VERSION = 1.0;
				PRODUCT_BUNDLE_IDENTIFIER = "npappas.square-take-home";
				PRODUCT_NAME = "$(TARGET_NAME)";
				PROVISIONING_PROFILE_SPECIFIER = "";
				SWIFT_EMIT_LOC_STRINGS = YES;
				SWIFT_VERSION = 5.0;
				TARGETED_DEVICE_FAMILY = 1;
			};
			name = Release;
		};
/* End XCBuildConfiguration section */

/* Begin XCConfigurationList section */
		08343FEF27F3899500554EE3 /* Build configuration list for PBXProject "square-take-home" */ = {
			isa = XCConfigurationList;
			buildConfigurations = (
				0834400627F3899700554EE3 /* Debug */,
				0834400727F3899700554EE3 /* Release */,
			);
			defaultConfigurationIsVisible = 0;
			defaultConfigurationName = Release;
		};
		0834400827F3899700554EE3 /* Build configuration list for PBXNativeTarget "square-take-home" */ = {
			isa = XCConfigurationList;
			buildConfigurations = (
				0834400927F3899700554EE3 /* Debug */,
				0834400A27F3899700554EE3 /* Release */,
			);
			defaultConfigurationIsVisible = 0;
			defaultConfigurationName = Release;
		};
/* End XCConfigurationList section */
	};
	rootObject = 08343FEC27F3899500554EE3 /* Project object */;
}
